
Microsoft Visual Studio Solution File, Format Version 12.00
# Visual Studio Version 16
VisualStudioVersion = 16.0.31911.196
MinimumVisualStudioVersion = 10.0.40219.1
Project("{FAE04EC0-301F-11D3-BF4B-00C04F79EFBC}") = "Stage2", "Stage2\Stage2.csproj", "{5E27A034-0FB5-462D-BFA7-E235481C9E21}"
EndProject
Project("{2150E333-8FDC-42A3-9474-1A3956D46DE8}") = "Rectangle", "Rectangle", "{4DC83297-3770-4129-873C-0C2842E2BF9B}"
EndProject
Project("{FAE04EC0-301F-11D3-BF4B-00C04F79EFBC}") = "Reactangle", "Reactangle\Reactangle.csproj", "{8B5669EE-442A-42AB-A619-6C7A92855258}"
EndProject
Project("{2150E333-8FDC-42A3-9474-1A3956D46DE8}") = "Burger and Shawarma", "Burger and Shawarma", "{FB792BC9-F25F-4B39-8F8C-F46CA636DDCC}"
EndProject
Project("{FAE04EC0-301F-11D3-BF4B-00C04F79EFBC}") = "Polymorphism", "Polymorphism\Polymorphism.csproj", "{63C92CFB-E2AD-4721-8D78-8EA1E6D39123}"
EndProject
Project("{2150E333-8FDC-42A3-9474-1A3956D46DE8}") = "Polymorphism", "Polymorphism", "{F94B42E5-77A5-4A37-BAAA-702980342834}"
EndProject
Project("{FAE04EC0-301F-11D3-BF4B-00C04F79EFBC}") = "MenuAMBackend", "MenuAMBackend\MenuAMBackend.csproj", "{321D00A3-9E8A-4747-86F6-CC677268785B}"
EndProject
Project("{2150E333-8FDC-42A3-9474-1A3956D46DE8}") = "Menu.am", "Menu.am", "{B8894AEA-6282-4104-8F41-1B314FC6944C}"
EndProject
Project("{2150E333-8FDC-42A3-9474-1A3956D46DE8}") = "Generic", "Generic", "{EC887FC8-4FB1-47A4-A314-D8264811830E}"
EndProject
Project("{FAE04EC0-301F-11D3-BF4B-00C04F79EFBC}") = "UseGeneric", "UseGeneric\UseGeneric.csproj", "{7A2F6EC8-55EB-42FC-BAAE-6081E6373F4B}"
EndProject
Project("{2150E333-8FDC-42A3-9474-1A3956D46DE8}") = "Draft", "Draft", "{E24BBD9D-DD27-49AA-9F82-FB8ED824DBC2}"
EndProject
Project("{FAE04EC0-301F-11D3-BF4B-00C04F79EFBC}") = "Draft", "Draft\Draft.csproj", "{09325347-E4F5-40D5-8573-30F843B1B4E8}"
EndProject
Project("{2150E333-8FDC-42A3-9474-1A3956D46DE8}") = "Delegate", "Delegate", "{B443252E-0E0B-430C-A928-C60D9D962EDF}"
EndProject
Project("{FAE04EC0-301F-11D3-BF4B-00C04F79EFBC}") = "WorkWithDelegate", "WorkWithDelegate\WorkWithDelegate.csproj", "{F87B0FEA-3A2A-4498-97F5-6D612E8CD4F0}"
EndProject
Project("{2150E333-8FDC-42A3-9474-1A3956D46DE8}") = "ProjectWithDelegatandEvent", "ProjectWithDelegatandEvent", "{0DE29200-3099-431E-B4A3-4F439DB62B9B}"
EndProject
Project("{FAE04EC0-301F-11D3-BF4B-00C04F79EFBC}") = "DelegateAndEvent", "DelegateAndEvent\DelegateAndEvent.csproj", "{0E4E0867-62C1-446F-9134-C1E0A8605971}"
EndProject
Global
	GlobalSection(SolutionConfigurationPlatforms) = preSolution
		Debug|Any CPU = Debug|Any CPU
		Release|Any CPU = Release|Any CPU
	EndGlobalSection
	GlobalSection(ProjectConfigurationPlatforms) = postSolution
		{5E27A034-0FB5-462D-BFA7-E235481C9E21}.Debug|Any CPU.ActiveCfg = Debug|Any CPU
		{5E27A034-0FB5-462D-BFA7-E235481C9E21}.Debug|Any CPU.Build.0 = Debug|Any CPU
		{5E27A034-0FB5-462D-BFA7-E235481C9E21}.Release|Any CPU.ActiveCfg = Release|Any CPU
		{5E27A034-0FB5-462D-BFA7-E235481C9E21}.Release|Any CPU.Build.0 = Release|Any CPU
		{8B5669EE-442A-42AB-A619-6C7A92855258}.Debug|Any CPU.ActiveCfg = Debug|Any CPU
		{8B5669EE-442A-42AB-A619-6C7A92855258}.Debug|Any CPU.Build.0 = Debug|Any CPU
		{8B5669EE-442A-42AB-A619-6C7A92855258}.Release|Any CPU.ActiveCfg = Release|Any CPU
		{8B5669EE-442A-42AB-A619-6C7A92855258}.Release|Any CPU.Build.0 = Release|Any CPU
		{63C92CFB-E2AD-4721-8D78-8EA1E6D39123}.Debug|Any CPU.ActiveCfg = Debug|Any CPU
		{63C92CFB-E2AD-4721-8D78-8EA1E6D39123}.Debug|Any CPU.Build.0 = Debug|Any CPU
		{63C92CFB-E2AD-4721-8D78-8EA1E6D39123}.Release|Any CPU.ActiveCfg = Release|Any CPU
		{63C92CFB-E2AD-4721-8D78-8EA1E6D39123}.Release|Any CPU.Build.0 = Release|Any CPU
		{321D00A3-9E8A-4747-86F6-CC677268785B}.Debug|Any CPU.ActiveCfg = Debug|Any CPU
		{321D00A3-9E8A-4747-86F6-CC677268785B}.Debug|Any CPU.Build.0 = Debug|Any CPU
		{321D00A3-9E8A-4747-86F6-CC677268785B}.Release|Any CPU.ActiveCfg = Release|Any CPU
		{321D00A3-9E8A-4747-86F6-CC677268785B}.Release|Any CPU.Build.0 = Release|Any CPU
		{7A2F6EC8-55EB-42FC-BAAE-6081E6373F4B}.Debug|Any CPU.ActiveCfg = Debug|Any CPU
		{7A2F6EC8-55EB-42FC-BAAE-6081E6373F4B}.Debug|Any CPU.Build.0 = Debug|Any CPU
		{7A2F6EC8-55EB-42FC-BAAE-6081E6373F4B}.Release|Any CPU.ActiveCfg = Release|Any CPU
		{7A2F6EC8-55EB-42FC-BAAE-6081E6373F4B}.Release|Any CPU.Build.0 = Release|Any CPU
		{09325347-E4F5-40D5-8573-30F843B1B4E8}.Debug|Any CPU.ActiveCfg = Debug|Any CPU
		{09325347-E4F5-40D5-8573-30F843B1B4E8}.Debug|Any CPU.Build.0 = Debug|Any CPU
		{09325347-E4F5-40D5-8573-30F843B1B4E8}.Release|Any CPU.ActiveCfg = Release|Any CPU
		{09325347-E4F5-40D5-8573-30F843B1B4E8}.Release|Any CPU.Build.0 = Release|Any CPU
		{F87B0FEA-3A2A-4498-97F5-6D612E8CD4F0}.Debug|Any CPU.ActiveCfg = Debug|Any CPU
		{F87B0FEA-3A2A-4498-97F5-6D612E8CD4F0}.Debug|Any CPU.Build.0 = Debug|Any CPU
		{F87B0FEA-3A2A-4498-97F5-6D612E8CD4F0}.Release|Any CPU.ActiveCfg = Release|Any CPU
		{F87B0FEA-3A2A-4498-97F5-6D612E8CD4F0}.Release|Any CPU.Build.0 = Release|Any CPU
		{0E4E0867-62C1-446F-9134-C1E0A8605971}.Debug|Any CPU.ActiveCfg = Debug|Any CPU
		{0E4E0867-62C1-446F-9134-C1E0A8605971}.Debug|Any CPU.Build.0 = Debug|Any CPU
		{0E4E0867-62C1-446F-9134-C1E0A8605971}.Release|Any CPU.ActiveCfg = Release|Any CPU
		{0E4E0867-62C1-446F-9134-C1E0A8605971}.Release|Any CPU.Build.0 = Release|Any CPU
	EndGlobalSection
	GlobalSection(SolutionProperties) = preSolution
		HideSolutionNode = FALSE
	EndGlobalSection
	GlobalSection(NestedProjects) = preSolution
		{5E27A034-0FB5-462D-BFA7-E235481C9E21} = {FB792BC9-F25F-4B39-8F8C-F46CA636DDCC}
		{8B5669EE-442A-42AB-A619-6C7A92855258} = {4DC83297-3770-4129-873C-0C2842E2BF9B}
		{63C92CFB-E2AD-4721-8D78-8EA1E6D39123} = {F94B42E5-77A5-4A37-BAAA-702980342834}
		{F94B42E5-77A5-4A37-BAAA-702980342834} = {FB792BC9-F25F-4B39-8F8C-F46CA636DDCC}
		{321D00A3-9E8A-4747-86F6-CC677268785B} = {B8894AEA-6282-4104-8F41-1B314FC6944C}
		{7A2F6EC8-55EB-42FC-BAAE-6081E6373F4B} = {EC887FC8-4FB1-47A4-A314-D8264811830E}
		{09325347-E4F5-40D5-8573-30F843B1B4E8} = {E24BBD9D-DD27-49AA-9F82-FB8ED824DBC2}
		{F87B0FEA-3A2A-4498-97F5-6D612E8CD4F0} = {B443252E-0E0B-430C-A928-C60D9D962EDF}
		{0E4E0867-62C1-446F-9134-C1E0A8605971} = {0DE29200-3099-431E-B4A3-4F439DB62B9B}
	EndGlobalSection
	GlobalSection(ExtensibilityGlobals) = postSolution
		SolutionGuid = {1F75967E-7F84-4C5F-BBF6-C6A1FCD54828}
	EndGlobalSection
EndGlobal
