
Microsoft Visual Studio Solution File, Format Version 12.00
# Visual Studio Version 16
VisualStudioVersion = 16.0.31911.196
MinimumVisualStudioVersion = 10.0.40219.1
Project("{FAE04EC0-301F-11D3-BF4B-00C04F79EFBC}") = "Stage2", "Stage2\Stage2.csproj", "{5E27A034-0FB5-462D-BFA7-E235481C9E21}"
EndProject
Project("{2150E333-8FDC-42A3-9474-1A3956D46DE8}") = "Rectangle", "Rectangle", "{4DC83297-3770-4129-873C-0C2842E2BF9B}"
EndProject
Project("{FAE04EC0-301F-11D3-BF4B-00C04F79EFBC}") = "Reactangle", "Reactangle\Reactangle.csproj", "{8B5669EE-442A-42AB-A619-6C7A92855258}"
EndProject
Project("{2150E333-8FDC-42A3-9474-1A3956D46DE8}") = "Burger and Shawarma", "Burger and Shawarma", "{FB792BC9-F25F-4B39-8F8C-F46CA636DDCC}"
EndProject
Project("{FAE04EC0-301F-11D3-BF4B-00C04F79EFBC}") = "Polymorphism", "Polymorphism\Polymorphism.csproj", "{63C92CFB-E2AD-4721-8D78-8EA1E6D39123}"
EndProject
Global
	GlobalSection(SolutionConfigurationPlatforms) = preSolution
		Debug|Any CPU = Debug|Any CPU
		Release|Any CPU = Release|Any CPU
	EndGlobalSection
	GlobalSection(ProjectConfigurationPlatforms) = postSolution
		{5E27A034-0FB5-462D-BFA7-E235481C9E21}.Debug|Any CPU.ActiveCfg = Debug|Any CPU
		{5E27A034-0FB5-462D-BFA7-E235481C9E21}.Debug|Any CPU.Build.0 = Debug|Any CPU
		{5E27A034-0FB5-462D-BFA7-E235481C9E21}.Release|Any CPU.ActiveCfg = Release|Any CPU
		{5E27A034-0FB5-462D-BFA7-E235481C9E21}.Release|Any CPU.Build.0 = Release|Any CPU
		{8B5669EE-442A-42AB-A619-6C7A92855258}.Debug|Any CPU.ActiveCfg = Debug|Any CPU
		{8B5669EE-442A-42AB-A619-6C7A92855258}.Debug|Any CPU.Build.0 = Debug|Any CPU
		{8B5669EE-442A-42AB-A619-6C7A92855258}.Release|Any CPU.ActiveCfg = Release|Any CPU
		{8B5669EE-442A-42AB-A619-6C7A92855258}.Release|Any CPU.Build.0 = Release|Any CPU
		{63C92CFB-E2AD-4721-8D78-8EA1E6D39123}.Debug|Any CPU.ActiveCfg = Debug|Any CPU
		{63C92CFB-E2AD-4721-8D78-8EA1E6D39123}.Debug|Any CPU.Build.0 = Debug|Any CPU
		{63C92CFB-E2AD-4721-8D78-8EA1E6D39123}.Release|Any CPU.ActiveCfg = Release|Any CPU
		{63C92CFB-E2AD-4721-8D78-8EA1E6D39123}.Release|Any CPU.Build.0 = Release|Any CPU
	EndGlobalSection
	GlobalSection(SolutionProperties) = preSolution
		HideSolutionNode = FALSE
	EndGlobalSection
	GlobalSection(NestedProjects) = preSolution
		{5E27A034-0FB5-462D-BFA7-E235481C9E21} = {FB792BC9-F25F-4B39-8F8C-F46CA636DDCC}
		{8B5669EE-442A-42AB-A619-6C7A92855258} = {4DC83297-3770-4129-873C-0C2842E2BF9B}
	EndGlobalSection
	GlobalSection(ExtensibilityGlobals) = postSolution
		SolutionGuid = {1F75967E-7F84-4C5F-BBF6-C6A1FCD54828}
	EndGlobalSection
EndGlobal
